// !$*UTF8*$!
{
	archiveVersion = 1;
	classes = {
	};
	objectVersion = 46;
	objects = {

/* Begin PBXBuildFile section */
		E20FD9C71ED4230800876005 /* CalendarViewController.swift in Sources */ = {isa = PBXBuildFile; fileRef = E20FD9C61ED4230800876005 /* CalendarViewController.swift */; };
		E20FD9D31ED4530D00876005 /* DashboardTableViewController.swift in Sources */ = {isa = PBXBuildFile; fileRef = E20FD9D21ED4530D00876005 /* DashboardTableViewController.swift */; };
		E20FD9D51ED4582300876005 /* DashboardTableViewCell.swift in Sources */ = {isa = PBXBuildFile; fileRef = E20FD9D41ED4582300876005 /* DashboardTableViewCell.swift */; };
		E20FD9D71ED45A5200876005 /* LocationViewController.swift in Sources */ = {isa = PBXBuildFile; fileRef = E20FD9D61ED45A5200876005 /* LocationViewController.swift */; };
		E20FD9DD1ED463B000876005 /* Constants.swift in Sources */ = {isa = PBXBuildFile; fileRef = E20FD9DC1ED463B000876005 /* Constants.swift */; };
		E20FD9E91ED4749F00876005 /* WeatherTomorrowViewController.swift in Sources */ = {isa = PBXBuildFile; fileRef = E20FD9E81ED4749F00876005 /* WeatherTomorrowViewController.swift */; };
		E20FD9EB1ED474EB00876005 /* WeatherTabBarController.swift in Sources */ = {isa = PBXBuildFile; fileRef = E20FD9EA1ED474EB00876005 /* WeatherTabBarController.swift */; };
		E20FD9EE1ED476D600876005 /* Weather7DayViewController.swift in Sources */ = {isa = PBXBuildFile; fileRef = E20FD9ED1ED476D600876005 /* Weather7DayViewController.swift */; };
		E20FD9F01ED477F600876005 /* Weather.storyboard in Resources */ = {isa = PBXBuildFile; fileRef = E20FD9EF1ED477F600876005 /* Weather.storyboard */; };
		E212212C1ED8DF3600A76502 /* cloudy-day-1.svg in Resources */ = {isa = PBXBuildFile; fileRef = E21221111ED8DF3600A76502 /* cloudy-day-1.svg */; };
		E212212D1ED8DF3600A76502 /* cloudy-day-2.svg in Resources */ = {isa = PBXBuildFile; fileRef = E21221121ED8DF3600A76502 /* cloudy-day-2.svg */; };
		E212212E1ED8DF3600A76502 /* cloudy-day-3.svg in Resources */ = {isa = PBXBuildFile; fileRef = E21221131ED8DF3600A76502 /* cloudy-day-3.svg */; };
		E212212F1ED8DF3600A76502 /* cloudy-night-1.svg in Resources */ = {isa = PBXBuildFile; fileRef = E21221141ED8DF3600A76502 /* cloudy-night-1.svg */; };
		E21221301ED8DF3600A76502 /* cloudy-night-2.svg in Resources */ = {isa = PBXBuildFile; fileRef = E21221151ED8DF3600A76502 /* cloudy-night-2.svg */; };
		E21221311ED8DF3600A76502 /* cloudy-night-3.svg in Resources */ = {isa = PBXBuildFile; fileRef = E21221161ED8DF3600A76502 /* cloudy-night-3.svg */; };
		E21221321ED8DF3600A76502 /* cloudy.svg in Resources */ = {isa = PBXBuildFile; fileRef = E21221171ED8DF3600A76502 /* cloudy.svg */; };
		E21221331ED8DF3600A76502 /* day.svg in Resources */ = {isa = PBXBuildFile; fileRef = E21221181ED8DF3600A76502 /* day.svg */; };
		E21221341ED8DF3600A76502 /* night.svg in Resources */ = {isa = PBXBuildFile; fileRef = E21221191ED8DF3600A76502 /* night.svg */; };
		E21221351ED8DF3600A76502 /* rainy-1.svg in Resources */ = {isa = PBXBuildFile; fileRef = E212211A1ED8DF3600A76502 /* rainy-1.svg */; };
		E21221361ED8DF3600A76502 /* rainy-2.svg in Resources */ = {isa = PBXBuildFile; fileRef = E212211B1ED8DF3600A76502 /* rainy-2.svg */; };
		E21221371ED8DF3600A76502 /* rainy-3.svg in Resources */ = {isa = PBXBuildFile; fileRef = E212211C1ED8DF3600A76502 /* rainy-3.svg */; };
		E21221381ED8DF3600A76502 /* rainy-4.svg in Resources */ = {isa = PBXBuildFile; fileRef = E212211D1ED8DF3600A76502 /* rainy-4.svg */; };
		E21221391ED8DF3600A76502 /* rainy-5.svg in Resources */ = {isa = PBXBuildFile; fileRef = E212211E1ED8DF3600A76502 /* rainy-5.svg */; };
		E212213A1ED8DF3600A76502 /* rainy-6.svg in Resources */ = {isa = PBXBuildFile; fileRef = E212211F1ED8DF3600A76502 /* rainy-6.svg */; };
		E212213B1ED8DF3600A76502 /* rainy-7.svg in Resources */ = {isa = PBXBuildFile; fileRef = E21221201ED8DF3600A76502 /* rainy-7.svg */; };
		E212213C1ED8DF3600A76502 /* snowy-1.svg in Resources */ = {isa = PBXBuildFile; fileRef = E21221211ED8DF3600A76502 /* snowy-1.svg */; };
		E212213D1ED8DF3600A76502 /* snowy-2.svg in Resources */ = {isa = PBXBuildFile; fileRef = E21221221ED8DF3600A76502 /* snowy-2.svg */; };
		E212213E1ED8DF3600A76502 /* snowy-3.svg in Resources */ = {isa = PBXBuildFile; fileRef = E21221231ED8DF3600A76502 /* snowy-3.svg */; };
		E212213F1ED8DF3600A76502 /* snowy-4.svg in Resources */ = {isa = PBXBuildFile; fileRef = E21221241ED8DF3600A76502 /* snowy-4.svg */; };
		E21221401ED8DF3600A76502 /* snowy-5.svg in Resources */ = {isa = PBXBuildFile; fileRef = E21221251ED8DF3600A76502 /* snowy-5.svg */; };
		E21221411ED8DF3600A76502 /* snowy-6.svg in Resources */ = {isa = PBXBuildFile; fileRef = E21221261ED8DF3600A76502 /* snowy-6.svg */; };
		E21221421ED8DF3600A76502 /* thunder.svg in Resources */ = {isa = PBXBuildFile; fileRef = E21221271ED8DF3600A76502 /* thunder.svg */; };
		E21221431ED8DF3600A76502 /* weather_sagittarius.svg in Resources */ = {isa = PBXBuildFile; fileRef = E21221281ED8DF3600A76502 /* weather_sagittarius.svg */; };
		E21221441ED8DF3600A76502 /* weather_sunset.svg in Resources */ = {isa = PBXBuildFile; fileRef = E21221291ED8DF3600A76502 /* weather_sunset.svg */; };
		E21221451ED8DF3600A76502 /* weather-sprite.svg in Resources */ = {isa = PBXBuildFile; fileRef = E212212A1ED8DF3600A76502 /* weather-sprite.svg */; };
		E21221461ED8DF3600A76502 /* weather.svg in Resources */ = {isa = PBXBuildFile; fileRef = E212212B1ED8DF3600A76502 /* weather.svg */; };
		E27DF3741EDB25440064DA71 /* WeatherCurrentlyViewController.swift in Sources */ = {isa = PBXBuildFile; fileRef = E27DF3731EDB25440064DA71 /* WeatherCurrentlyViewController.swift */; };
		E2A59D291ECE701000AAD24C /* AppDelegate.swift in Sources */ = {isa = PBXBuildFile; fileRef = E2A59D281ECE701000AAD24C /* AppDelegate.swift */; };
		E2A59D2B1ECE701000AAD24C /* WeatherTodayViewController.swift in Sources */ = {isa = PBXBuildFile; fileRef = E2A59D2A1ECE701000AAD24C /* WeatherTodayViewController.swift */; };
		E2A59D2D1ECE701000AAD24C /* NewsViewController.swift in Sources */ = {isa = PBXBuildFile; fileRef = E2A59D2C1ECE701000AAD24C /* NewsViewController.swift */; };
		E2A59D301ECE701000AAD24C /* Main.storyboard in Resources */ = {isa = PBXBuildFile; fileRef = E2A59D2E1ECE701000AAD24C /* Main.storyboard */; };
		E2A59D321ECE701000AAD24C /* Assets.xcassets in Resources */ = {isa = PBXBuildFile; fileRef = E2A59D311ECE701000AAD24C /* Assets.xcassets */; };
		E2A59D351ECE701000AAD24C /* LaunchScreen.storyboard in Resources */ = {isa = PBXBuildFile; fileRef = E2A59D331ECE701000AAD24C /* LaunchScreen.storyboard */; };
		E2A59D401ECE701000AAD24C /* SEPATests.swift in Sources */ = {isa = PBXBuildFile; fileRef = E2A59D3F1ECE701000AAD24C /* SEPATests.swift */; };
		E2A59D4B1ECE701100AAD24C /* SEPAUITests.swift in Sources */ = {isa = PBXBuildFile; fileRef = E2A59D4A1ECE701100AAD24C /* SEPAUITests.swift */; };
		E2A59D5F1ECE82D500AAD24C /* CalculatorViewController.swift in Sources */ = {isa = PBXBuildFile; fileRef = E2A59D5E1ECE82D500AAD24C /* CalculatorViewController.swift */; };
		E2A59D611ECE82F100AAD24C /* SettingsViewController.swift in Sources */ = {isa = PBXBuildFile; fileRef = E2A59D601ECE82F100AAD24C /* SettingsViewController.swift */; };
		E2A59D631ECE831C00AAD24C /* PhotoViewController.swift in Sources */ = {isa = PBXBuildFile; fileRef = E2A59D621ECE831C00AAD24C /* PhotoViewController.swift */; };
/* End PBXBuildFile section */

/* Begin PBXContainerItemProxy section */
		E2A59D3C1ECE701000AAD24C /* PBXContainerItemProxy */ = {
			isa = PBXContainerItemProxy;
			containerPortal = E2A59D1D1ECE700F00AAD24C /* Project object */;
			proxyType = 1;
			remoteGlobalIDString = E2A59D241ECE700F00AAD24C;
			remoteInfo = SEPA;
		};
		E2A59D471ECE701100AAD24C /* PBXContainerItemProxy */ = {
			isa = PBXContainerItemProxy;
			containerPortal = E2A59D1D1ECE700F00AAD24C /* Project object */;
			proxyType = 1;
			remoteGlobalIDString = E2A59D241ECE700F00AAD24C;
			remoteInfo = SEPA;
		};
/* End PBXContainerItemProxy section */

/* Begin PBXFileReference section */
		E20FD9C61ED4230800876005 /* CalendarViewController.swift */ = {isa = PBXFileReference; fileEncoding = 4; lastKnownFileType = sourcecode.swift; path = CalendarViewController.swift; sourceTree = "<group>"; };
		E20FD9D21ED4530D00876005 /* DashboardTableViewController.swift */ = {isa = PBXFileReference; fileEncoding = 4; lastKnownFileType = sourcecode.swift; path = DashboardTableViewController.swift; sourceTree = "<group>"; };
		E20FD9D41ED4582300876005 /* DashboardTableViewCell.swift */ = {isa = PBXFileReference; fileEncoding = 4; lastKnownFileType = sourcecode.swift; path = DashboardTableViewCell.swift; sourceTree = "<group>"; };
		E20FD9D61ED45A5200876005 /* LocationViewController.swift */ = {isa = PBXFileReference; fileEncoding = 4; lastKnownFileType = sourcecode.swift; path = LocationViewController.swift; sourceTree = "<group>"; };
		E20FD9DC1ED463B000876005 /* Constants.swift */ = {isa = PBXFileReference; fileEncoding = 4; lastKnownFileType = sourcecode.swift; path = Constants.swift; sourceTree = "<group>"; };
		E20FD9E81ED4749F00876005 /* WeatherTomorrowViewController.swift */ = {isa = PBXFileReference; fileEncoding = 4; lastKnownFileType = sourcecode.swift; path = WeatherTomorrowViewController.swift; sourceTree = "<group>"; };
		E20FD9EA1ED474EB00876005 /* WeatherTabBarController.swift */ = {isa = PBXFileReference; fileEncoding = 4; lastKnownFileType = sourcecode.swift; path = WeatherTabBarController.swift; sourceTree = "<group>"; };
		E20FD9ED1ED476D600876005 /* Weather7DayViewController.swift */ = {isa = PBXFileReference; fileEncoding = 4; lastKnownFileType = sourcecode.swift; path = Weather7DayViewController.swift; sourceTree = "<group>"; };
		E20FD9EF1ED477F600876005 /* Weather.storyboard */ = {isa = PBXFileReference; fileEncoding = 4; lastKnownFileType = file.storyboard; path = Weather.storyboard; sourceTree = "<group>"; };
		E21221111ED8DF3600A76502 /* cloudy-day-1.svg */ = {isa = PBXFileReference; fileEncoding = 4; lastKnownFileType = text.xml; path = "cloudy-day-1.svg"; sourceTree = "<group>"; };
		E21221121ED8DF3600A76502 /* cloudy-day-2.svg */ = {isa = PBXFileReference; fileEncoding = 4; lastKnownFileType = text.xml; path = "cloudy-day-2.svg"; sourceTree = "<group>"; };
		E21221131ED8DF3600A76502 /* cloudy-day-3.svg */ = {isa = PBXFileReference; fileEncoding = 4; lastKnownFileType = text.xml; path = "cloudy-day-3.svg"; sourceTree = "<group>"; };
		E21221141ED8DF3600A76502 /* cloudy-night-1.svg */ = {isa = PBXFileReference; fileEncoding = 4; lastKnownFileType = text.xml; path = "cloudy-night-1.svg"; sourceTree = "<group>"; };
		E21221151ED8DF3600A76502 /* cloudy-night-2.svg */ = {isa = PBXFileReference; fileEncoding = 4; lastKnownFileType = text.xml; path = "cloudy-night-2.svg"; sourceTree = "<group>"; };
		E21221161ED8DF3600A76502 /* cloudy-night-3.svg */ = {isa = PBXFileReference; fileEncoding = 4; lastKnownFileType = text.xml; path = "cloudy-night-3.svg"; sourceTree = "<group>"; };
		E21221171ED8DF3600A76502 /* cloudy.svg */ = {isa = PBXFileReference; fileEncoding = 4; lastKnownFileType = text.xml; path = cloudy.svg; sourceTree = "<group>"; };
		E21221181ED8DF3600A76502 /* day.svg */ = {isa = PBXFileReference; fileEncoding = 4; lastKnownFileType = text.xml; path = day.svg; sourceTree = "<group>"; };
		E21221191ED8DF3600A76502 /* night.svg */ = {isa = PBXFileReference; fileEncoding = 4; lastKnownFileType = text.xml; path = night.svg; sourceTree = "<group>"; };
		E212211A1ED8DF3600A76502 /* rainy-1.svg */ = {isa = PBXFileReference; fileEncoding = 4; lastKnownFileType = text.xml; path = "rainy-1.svg"; sourceTree = "<group>"; };
		E212211B1ED8DF3600A76502 /* rainy-2.svg */ = {isa = PBXFileReference; fileEncoding = 4; lastKnownFileType = text.xml; path = "rainy-2.svg"; sourceTree = "<group>"; };
		E212211C1ED8DF3600A76502 /* rainy-3.svg */ = {isa = PBXFileReference; fileEncoding = 4; lastKnownFileType = text.xml; path = "rainy-3.svg"; sourceTree = "<group>"; };
		E212211D1ED8DF3600A76502 /* rainy-4.svg */ = {isa = PBXFileReference; fileEncoding = 4; lastKnownFileType = text.xml; path = "rainy-4.svg"; sourceTree = "<group>"; };
		E212211E1ED8DF3600A76502 /* rainy-5.svg */ = {isa = PBXFileReference; fileEncoding = 4; lastKnownFileType = text.xml; path = "rainy-5.svg"; sourceTree = "<group>"; };
		E212211F1ED8DF3600A76502 /* rainy-6.svg */ = {isa = PBXFileReference; fileEncoding = 4; lastKnownFileType = text.xml; path = "rainy-6.svg"; sourceTree = "<group>"; };
		E21221201ED8DF3600A76502 /* rainy-7.svg */ = {isa = PBXFileReference; fileEncoding = 4; lastKnownFileType = text.xml; path = "rainy-7.svg"; sourceTree = "<group>"; };
		E21221211ED8DF3600A76502 /* snowy-1.svg */ = {isa = PBXFileReference; fileEncoding = 4; lastKnownFileType = text.xml; path = "snowy-1.svg"; sourceTree = "<group>"; };
		E21221221ED8DF3600A76502 /* snowy-2.svg */ = {isa = PBXFileReference; fileEncoding = 4; lastKnownFileType = text.xml; path = "snowy-2.svg"; sourceTree = "<group>"; };
		E21221231ED8DF3600A76502 /* snowy-3.svg */ = {isa = PBXFileReference; fileEncoding = 4; lastKnownFileType = text.xml; path = "snowy-3.svg"; sourceTree = "<group>"; };
		E21221241ED8DF3600A76502 /* snowy-4.svg */ = {isa = PBXFileReference; fileEncoding = 4; lastKnownFileType = text.xml; path = "snowy-4.svg"; sourceTree = "<group>"; };
		E21221251ED8DF3600A76502 /* snowy-5.svg */ = {isa = PBXFileReference; fileEncoding = 4; lastKnownFileType = text.xml; path = "snowy-5.svg"; sourceTree = "<group>"; };
		E21221261ED8DF3600A76502 /* snowy-6.svg */ = {isa = PBXFileReference; fileEncoding = 4; lastKnownFileType = text.xml; path = "snowy-6.svg"; sourceTree = "<group>"; };
		E21221271ED8DF3600A76502 /* thunder.svg */ = {isa = PBXFileReference; fileEncoding = 4; lastKnownFileType = text.xml; path = thunder.svg; sourceTree = "<group>"; };
		E21221281ED8DF3600A76502 /* weather_sagittarius.svg */ = {isa = PBXFileReference; fileEncoding = 4; lastKnownFileType = text; path = weather_sagittarius.svg; sourceTree = "<group>"; };
		E21221291ED8DF3600A76502 /* weather_sunset.svg */ = {isa = PBXFileReference; fileEncoding = 4; lastKnownFileType = text.xml; path = weather_sunset.svg; sourceTree = "<group>"; };
		E212212A1ED8DF3600A76502 /* weather-sprite.svg */ = {isa = PBXFileReference; fileEncoding = 4; lastKnownFileType = text.xml; path = "weather-sprite.svg"; sourceTree = "<group>"; };
		E212212B1ED8DF3600A76502 /* weather.svg */ = {isa = PBXFileReference; fileEncoding = 4; lastKnownFileType = text.xml; path = weather.svg; sourceTree = "<group>"; };
		E27DF3731EDB25440064DA71 /* WeatherCurrentlyViewController.swift */ = {isa = PBXFileReference; fileEncoding = 4; lastKnownFileType = sourcecode.swift; path = WeatherCurrentlyViewController.swift; sourceTree = "<group>"; };
		E2A59D251ECE700F00AAD24C /* SEPA.app */ = {isa = PBXFileReference; explicitFileType = wrapper.application; includeInIndex = 0; path = SEPA.app; sourceTree = BUILT_PRODUCTS_DIR; };
		E2A59D281ECE701000AAD24C /* AppDelegate.swift */ = {isa = PBXFileReference; lastKnownFileType = sourcecode.swift; path = AppDelegate.swift; sourceTree = "<group>"; };
		E2A59D2A1ECE701000AAD24C /* WeatherTodayViewController.swift */ = {isa = PBXFileReference; lastKnownFileType = sourcecode.swift; path = WeatherTodayViewController.swift; sourceTree = "<group>"; };
		E2A59D2C1ECE701000AAD24C /* NewsViewController.swift */ = {isa = PBXFileReference; lastKnownFileType = sourcecode.swift; path = NewsViewController.swift; sourceTree = "<group>"; };
		E2A59D2F1ECE701000AAD24C /* Base */ = {isa = PBXFileReference; lastKnownFileType = file.storyboard; name = Base; path = Base.lproj/Main.storyboard; sourceTree = "<group>"; };
		E2A59D311ECE701000AAD24C /* Assets.xcassets */ = {isa = PBXFileReference; lastKnownFileType = folder.assetcatalog; path = Assets.xcassets; sourceTree = "<group>"; };
		E2A59D341ECE701000AAD24C /* Base */ = {isa = PBXFileReference; lastKnownFileType = file.storyboard; name = Base; path = Base.lproj/LaunchScreen.storyboard; sourceTree = "<group>"; };
		E2A59D361ECE701000AAD24C /* Info.plist */ = {isa = PBXFileReference; lastKnownFileType = text.plist.xml; path = Info.plist; sourceTree = "<group>"; };
		E2A59D3B1ECE701000AAD24C /* SEPATests.xctest */ = {isa = PBXFileReference; explicitFileType = wrapper.cfbundle; includeInIndex = 0; path = SEPATests.xctest; sourceTree = BUILT_PRODUCTS_DIR; };
		E2A59D3F1ECE701000AAD24C /* SEPATests.swift */ = {isa = PBXFileReference; lastKnownFileType = sourcecode.swift; path = SEPATests.swift; sourceTree = "<group>"; };
		E2A59D411ECE701000AAD24C /* Info.plist */ = {isa = PBXFileReference; lastKnownFileType = text.plist.xml; path = Info.plist; sourceTree = "<group>"; };
		E2A59D461ECE701100AAD24C /* SEPAUITests.xctest */ = {isa = PBXFileReference; explicitFileType = wrapper.cfbundle; includeInIndex = 0; path = SEPAUITests.xctest; sourceTree = BUILT_PRODUCTS_DIR; };
		E2A59D4A1ECE701100AAD24C /* SEPAUITests.swift */ = {isa = PBXFileReference; lastKnownFileType = sourcecode.swift; path = SEPAUITests.swift; sourceTree = "<group>"; };
		E2A59D4C1ECE701100AAD24C /* Info.plist */ = {isa = PBXFileReference; lastKnownFileType = text.plist.xml; path = Info.plist; sourceTree = "<group>"; };
		E2A59D5E1ECE82D500AAD24C /* CalculatorViewController.swift */ = {isa = PBXFileReference; fileEncoding = 4; lastKnownFileType = sourcecode.swift; path = CalculatorViewController.swift; sourceTree = "<group>"; };
		E2A59D601ECE82F100AAD24C /* SettingsViewController.swift */ = {isa = PBXFileReference; fileEncoding = 4; lastKnownFileType = sourcecode.swift; path = SettingsViewController.swift; sourceTree = "<group>"; };
		E2A59D621ECE831C00AAD24C /* PhotoViewController.swift */ = {isa = PBXFileReference; fileEncoding = 4; lastKnownFileType = sourcecode.swift; path = PhotoViewController.swift; sourceTree = "<group>"; };
/* End PBXFileReference section */

/* Begin PBXFrameworksBuildPhase section */
		E2A59D221ECE700F00AAD24C /* Frameworks */ = {
			isa = PBXFrameworksBuildPhase;
			buildActionMask = 2147483647;
			files = (
			);
			runOnlyForDeploymentPostprocessing = 0;
		};
		E2A59D381ECE701000AAD24C /* Frameworks */ = {
			isa = PBXFrameworksBuildPhase;
			buildActionMask = 2147483647;
			files = (
			);
			runOnlyForDeploymentPostprocessing = 0;
		};
		E2A59D431ECE701100AAD24C /* Frameworks */ = {
			isa = PBXFrameworksBuildPhase;
			buildActionMask = 2147483647;
			files = (
			);
			runOnlyForDeploymentPostprocessing = 0;
		};
/* End PBXFrameworksBuildPhase section */

/* Begin PBXGroup section */
		E20FD9DE1ED4722E00876005 /* Weather */ = {
			isa = PBXGroup;
			children = (
				E20FD9F11ED4885100876005 /* ViewControllers */,
				E20FD9EF1ED477F600876005 /* Weather.storyboard */,
			);
			name = Weather;
			sourceTree = "<group>";
		};
		E20FD9DF1ED4727400876005 /* News */ = {
			isa = PBXGroup;
			children = (
				E2A59D2C1ECE701000AAD24C /* NewsViewController.swift */,
			);
			name = News;
			sourceTree = "<group>";
		};
		E20FD9E01ED4727A00876005 /* Calculator */ = {
			isa = PBXGroup;
			children = (
				E2A59D5E1ECE82D500AAD24C /* CalculatorViewController.swift */,
			);
			name = Calculator;
			sourceTree = "<group>";
		};
		E20FD9E11ED4728200876005 /* Dashboard */ = {
			isa = PBXGroup;
			children = (
				E20FD9D41ED4582300876005 /* DashboardTableViewCell.swift */,
				E20FD9D21ED4530D00876005 /* DashboardTableViewController.swift */,
			);
			name = Dashboard;
			sourceTree = "<group>";
		};
		E20FD9E21ED4728900876005 /* Calendar */ = {
			isa = PBXGroup;
			children = (
				E20FD9C61ED4230800876005 /* CalendarViewController.swift */,
			);
			name = Calendar;
			sourceTree = "<group>";
		};
		E20FD9E31ED4728E00876005 /* Photos */ = {
			isa = PBXGroup;
			children = (
				E2A59D621ECE831C00AAD24C /* PhotoViewController.swift */,
			);
			name = Photos;
			sourceTree = "<group>";
		};
		E20FD9E41ED4729300876005 /* Settings */ = {
			isa = PBXGroup;
			children = (
				E2A59D601ECE82F100AAD24C /* SettingsViewController.swift */,
			);
			name = Settings;
			sourceTree = "<group>";
		};
		E20FD9E51ED472A100876005 /* LocationHistory */ = {
			isa = PBXGroup;
			children = (
				E20FD9D61ED45A5200876005 /* LocationViewController.swift */,
			);
			name = LocationHistory;
			sourceTree = "<group>";
		};
		E20FD9F11ED4885100876005 /* ViewControllers */ = {
			isa = PBXGroup;
			children = (
				E2A59D2A1ECE701000AAD24C /* WeatherTodayViewController.swift */,
				E20FD9E81ED4749F00876005 /* WeatherTomorrowViewController.swift */,
				E20FD9ED1ED476D600876005 /* Weather7DayViewController.swift */,
				E20FD9EA1ED474EB00876005 /* WeatherTabBarController.swift */,
				E27DF3731EDB25440064DA71 /* WeatherCurrentlyViewController.swift */,
			);
			name = ViewControllers;
			sourceTree = "<group>";
		};
		E21221101ED8DF1C00A76502 /* Resources */ = {
			isa = PBXGroup;
			children = (
				E21221111ED8DF3600A76502 /* cloudy-day-1.svg */,
				E21221121ED8DF3600A76502 /* cloudy-day-2.svg */,
				E21221131ED8DF3600A76502 /* cloudy-day-3.svg */,
				E21221141ED8DF3600A76502 /* cloudy-night-1.svg */,
				E21221151ED8DF3600A76502 /* cloudy-night-2.svg */,
				E21221161ED8DF3600A76502 /* cloudy-night-3.svg */,
				E21221171ED8DF3600A76502 /* cloudy.svg */,
				E21221181ED8DF3600A76502 /* day.svg */,
				E21221191ED8DF3600A76502 /* night.svg */,
				E212211A1ED8DF3600A76502 /* rainy-1.svg */,
				E212211B1ED8DF3600A76502 /* rainy-2.svg */,
				E212211C1ED8DF3600A76502 /* rainy-3.svg */,
				E212211D1ED8DF3600A76502 /* rainy-4.svg */,
				E212211E1ED8DF3600A76502 /* rainy-5.svg */,
				E212211F1ED8DF3600A76502 /* rainy-6.svg */,
				E21221201ED8DF3600A76502 /* rainy-7.svg */,
				E21221211ED8DF3600A76502 /* snowy-1.svg */,
				E21221221ED8DF3600A76502 /* snowy-2.svg */,
				E21221231ED8DF3600A76502 /* snowy-3.svg */,
				E21221241ED8DF3600A76502 /* snowy-4.svg */,
				E21221251ED8DF3600A76502 /* snowy-5.svg */,
				E21221261ED8DF3600A76502 /* snowy-6.svg */,
				E21221271ED8DF3600A76502 /* thunder.svg */,
				E21221281ED8DF3600A76502 /* weather_sagittarius.svg */,
				E21221291ED8DF3600A76502 /* weather_sunset.svg */,
				E212212A1ED8DF3600A76502 /* weather-sprite.svg */,
				E212212B1ED8DF3600A76502 /* weather.svg */,
			);
			name = Resources;
			sourceTree = "<group>";
		};
		E2A59D1C1ECE700F00AAD24C = {
			isa = PBXGroup;
			children = (
				E2A59D271ECE700F00AAD24C /* SEPA */,
				E2A59D3E1ECE701000AAD24C /* SEPATests */,
				E2A59D491ECE701100AAD24C /* SEPAUITests */,
				E2A59D261ECE700F00AAD24C /* Products */,
			);
			sourceTree = "<group>";
		};
		E2A59D261ECE700F00AAD24C /* Products */ = {
			isa = PBXGroup;
			children = (
				E2A59D251ECE700F00AAD24C /* SEPA.app */,
				E2A59D3B1ECE701000AAD24C /* SEPATests.xctest */,
				E2A59D461ECE701100AAD24C /* SEPAUITests.xctest */,
			);
			name = Products;
			sourceTree = "<group>";
		};
		E2A59D271ECE700F00AAD24C /* SEPA */ = {
			isa = PBXGroup;
			children = (
				E21221101ED8DF1C00A76502 /* Resources */,
				E20FD9DC1ED463B000876005 /* Constants.swift */,
				E20FD9E11ED4728200876005 /* Dashboard */,
				E20FD9DE1ED4722E00876005 /* Weather */,
				E20FD9DF1ED4727400876005 /* News */,
				E20FD9E51ED472A100876005 /* LocationHistory */,
				E20FD9E21ED4728900876005 /* Calendar */,
				E20FD9E01ED4727A00876005 /* Calculator */,
				E20FD9E31ED4728E00876005 /* Photos */,
				E20FD9E41ED4729300876005 /* Settings */,
				E2A59D281ECE701000AAD24C /* AppDelegate.swift */,
				E2A59D2E1ECE701000AAD24C /* Main.storyboard */,
				E2A59D311ECE701000AAD24C /* Assets.xcassets */,
				E2A59D331ECE701000AAD24C /* LaunchScreen.storyboard */,
				E2A59D361ECE701000AAD24C /* Info.plist */,
			);
			path = SEPA;
			sourceTree = "<group>";
		};
		E2A59D3E1ECE701000AAD24C /* SEPATests */ = {
			isa = PBXGroup;
			children = (
				E2A59D3F1ECE701000AAD24C /* SEPATests.swift */,
				E2A59D411ECE701000AAD24C /* Info.plist */,
			);
			path = SEPATests;
			sourceTree = "<group>";
		};
		E2A59D491ECE701100AAD24C /* SEPAUITests */ = {
			isa = PBXGroup;
			children = (
				E2A59D4A1ECE701100AAD24C /* SEPAUITests.swift */,
				E2A59D4C1ECE701100AAD24C /* Info.plist */,
			);
			path = SEPAUITests;
			sourceTree = "<group>";
		};
/* End PBXGroup section */

/* Begin PBXNativeTarget section */
		E2A59D241ECE700F00AAD24C /* SEPA */ = {
			isa = PBXNativeTarget;
			buildConfigurationList = E2A59D4F1ECE701100AAD24C /* Build configuration list for PBXNativeTarget "SEPA" */;
			buildPhases = (
				E2A59D211ECE700F00AAD24C /* Sources */,
				E2A59D221ECE700F00AAD24C /* Frameworks */,
				E2A59D231ECE700F00AAD24C /* Resources */,
			);
			buildRules = (
			);
			dependencies = (
			);
			name = SEPA;
			productName = SEPA;
			productReference = E2A59D251ECE700F00AAD24C /* SEPA.app */;
			productType = "com.apple.product-type.application";
		};
		E2A59D3A1ECE701000AAD24C /* SEPATests */ = {
			isa = PBXNativeTarget;
			buildConfigurationList = E2A59D521ECE701100AAD24C /* Build configuration list for PBXNativeTarget "SEPATests" */;
			buildPhases = (
				E2A59D371ECE701000AAD24C /* Sources */,
				E2A59D381ECE701000AAD24C /* Frameworks */,
				E2A59D391ECE701000AAD24C /* Resources */,
			);
			buildRules = (
			);
			dependencies = (
				E2A59D3D1ECE701000AAD24C /* PBXTargetDependency */,
			);
			name = SEPATests;
			productName = SEPATests;
			productReference = E2A59D3B1ECE701000AAD24C /* SEPATests.xctest */;
			productType = "com.apple.product-type.bundle.unit-test";
		};
		E2A59D451ECE701100AAD24C /* SEPAUITests */ = {
			isa = PBXNativeTarget;
			buildConfigurationList = E2A59D551ECE701100AAD24C /* Build configuration list for PBXNativeTarget "SEPAUITests" */;
			buildPhases = (
				E2A59D421ECE701100AAD24C /* Sources */,
				E2A59D431ECE701100AAD24C /* Frameworks */,
				E2A59D441ECE701100AAD24C /* Resources */,
			);
			buildRules = (
			);
			dependencies = (
				E2A59D481ECE701100AAD24C /* PBXTargetDependency */,
			);
			name = SEPAUITests;
			productName = SEPAUITests;
			productReference = E2A59D461ECE701100AAD24C /* SEPAUITests.xctest */;
			productType = "com.apple.product-type.bundle.ui-testing";
		};
/* End PBXNativeTarget section */

/* Begin PBXProject section */
		E2A59D1D1ECE700F00AAD24C /* Project object */ = {
			isa = PBXProject;
			attributes = {
				CLASSPREFIX = "";
				LastSwiftUpdateCheck = 0730;
				LastUpgradeCheck = 0730;
				ORGANIZATIONNAME = "Welek Samuel";
				TargetAttributes = {
					E2A59D241ECE700F00AAD24C = {
						CreatedOnToolsVersion = 7.3.1;
					};
					E2A59D3A1ECE701000AAD24C = {
						CreatedOnToolsVersion = 7.3.1;
						TestTargetID = E2A59D241ECE700F00AAD24C;
					};
					E2A59D451ECE701100AAD24C = {
						CreatedOnToolsVersion = 7.3.1;
						TestTargetID = E2A59D241ECE700F00AAD24C;
					};
				};
			};
			buildConfigurationList = E2A59D201ECE700F00AAD24C /* Build configuration list for PBXProject "SEPA" */;
			compatibilityVersion = "Xcode 3.2";
			developmentRegion = English;
			hasScannedForEncodings = 0;
			knownRegions = (
				en,
				Base,
			);
			mainGroup = E2A59D1C1ECE700F00AAD24C;
			productRefGroup = E2A59D261ECE700F00AAD24C /* Products */;
			projectDirPath = "";
			projectRoot = "";
			targets = (
				E2A59D241ECE700F00AAD24C /* SEPA */,
				E2A59D3A1ECE701000AAD24C /* SEPATests */,
				E2A59D451ECE701100AAD24C /* SEPAUITests */,
			);
		};
/* End PBXProject section */

/* Begin PBXResourcesBuildPhase section */
		E2A59D231ECE700F00AAD24C /* Resources */ = {
			isa = PBXResourcesBuildPhase;
			buildActionMask = 2147483647;
			files = (
				E21221431ED8DF3600A76502 /* weather_sagittarius.svg in Resources */,
				E21221461ED8DF3600A76502 /* weather.svg in Resources */,
				E21221411ED8DF3600A76502 /* snowy-6.svg in Resources */,
				E212213D1ED8DF3600A76502 /* snowy-2.svg in Resources */,
				E21221401ED8DF3600A76502 /* snowy-5.svg in Resources */,
				E21221391ED8DF3600A76502 /* rainy-5.svg in Resources */,
				E212213F1ED8DF3600A76502 /* snowy-4.svg in Resources */,
				E21221321ED8DF3600A76502 /* cloudy.svg in Resources */,
				E2A59D351ECE701000AAD24C /* LaunchScreen.storyboard in Resources */,
				E21221351ED8DF3600A76502 /* rainy-1.svg in Resources */,
				E20FD9F01ED477F600876005 /* Weather.storyboard in Resources */,
				E21221341ED8DF3600A76502 /* night.svg in Resources */,
				E21221331ED8DF3600A76502 /* day.svg in Resources */,
				E21221421ED8DF3600A76502 /* thunder.svg in Resources */,
				E212212E1ED8DF3600A76502 /* cloudy-day-3.svg in Resources */,
				E21221311ED8DF3600A76502 /* cloudy-night-3.svg in Resources */,
				E2A59D321ECE701000AAD24C /* Assets.xcassets in Resources */,
				E21221381ED8DF3600A76502 /* rainy-4.svg in Resources */,
				E212213C1ED8DF3600A76502 /* snowy-1.svg in Resources */,
				E212212C1ED8DF3600A76502 /* cloudy-day-1.svg in Resources */,
				E212213E1ED8DF3600A76502 /* snowy-3.svg in Resources */,
				E212213B1ED8DF3600A76502 /* rainy-7.svg in Resources */,
				E212212F1ED8DF3600A76502 /* cloudy-night-1.svg in Resources */,
				E212213A1ED8DF3600A76502 /* rainy-6.svg in Resources */,
				E212212D1ED8DF3600A76502 /* cloudy-day-2.svg in Resources */,
				E21221371ED8DF3600A76502 /* rainy-3.svg in Resources */,
				E21221361ED8DF3600A76502 /* rainy-2.svg in Resources */,
				E21221451ED8DF3600A76502 /* weather-sprite.svg in Resources */,
				E2A59D301ECE701000AAD24C /* Main.storyboard in Resources */,
				E21221301ED8DF3600A76502 /* cloudy-night-2.svg in Resources */,
				E21221441ED8DF3600A76502 /* weather_sunset.svg in Resources */,
			);
			runOnlyForDeploymentPostprocessing = 0;
		};
		E2A59D391ECE701000AAD24C /* Resources */ = {
			isa = PBXResourcesBuildPhase;
			buildActionMask = 2147483647;
			files = (
			);
			runOnlyForDeploymentPostprocessing = 0;
		};
		E2A59D441ECE701100AAD24C /* Resources */ = {
			isa = PBXResourcesBuildPhase;
			buildActionMask = 2147483647;
			files = (
			);
			runOnlyForDeploymentPostprocessing = 0;
		};
/* End PBXResourcesBuildPhase section */

/* Begin PBXSourcesBuildPhase section */
		E2A59D211ECE700F00AAD24C /* Sources */ = {
			isa = PBXSourcesBuildPhase;
			buildActionMask = 2147483647;
			files = (
				E20FD9C71ED4230800876005 /* CalendarViewController.swift in Sources */,
				E2A59D5F1ECE82D500AAD24C /* CalculatorViewController.swift in Sources */,
				E2A59D2D1ECE701000AAD24C /* NewsViewController.swift in Sources */,
				E20FD9DD1ED463B000876005 /* Constants.swift in Sources */,
				E2A59D291ECE701000AAD24C /* AppDelegate.swift in Sources */,
				E20FD9D31ED4530D00876005 /* DashboardTableViewController.swift in Sources */,
				E20FD9D71ED45A5200876005 /* LocationViewController.swift in Sources */,
				E2A59D631ECE831C00AAD24C /* PhotoViewController.swift in Sources */,
				E20FD9D51ED4582300876005 /* DashboardTableViewCell.swift in Sources */,
				E2A59D2B1ECE701000AAD24C /* WeatherTodayViewController.swift in Sources */,
				E27DF3741EDB25440064DA71 /* WeatherCurrentlyViewController.swift in Sources */,
				E20FD9E91ED4749F00876005 /* WeatherTomorrowViewController.swift in Sources */,
				E20FD9EB1ED474EB00876005 /* WeatherTabBarController.swift in Sources */,
				E20FD9EE1ED476D600876005 /* Weather7DayViewController.swift in Sources */,
				E2A59D611ECE82F100AAD24C /* SettingsViewController.swift in Sources */,
			);
			runOnlyForDeploymentPostprocessing = 0;
		};
		E2A59D371ECE701000AAD24C /* Sources */ = {
			isa = PBXSourcesBuildPhase;
			buildActionMask = 2147483647;
			files = (
				E2A59D401ECE701000AAD24C /* SEPATests.swift in Sources */,
			);
			runOnlyForDeploymentPostprocessing = 0;
		};
		E2A59D421ECE701100AAD24C /* Sources */ = {
			isa = PBXSourcesBuildPhase;
			buildActionMask = 2147483647;
			files = (
				E2A59D4B1ECE701100AAD24C /* SEPAUITests.swift in Sources */,
			);
			runOnlyForDeploymentPostprocessing = 0;
		};
/* End PBXSourcesBuildPhase section */

/* Begin PBXTargetDependency section */
		E2A59D3D1ECE701000AAD24C /* PBXTargetDependency */ = {
			isa = PBXTargetDependency;
			target = E2A59D241ECE700F00AAD24C /* SEPA */;
			targetProxy = E2A59D3C1ECE701000AAD24C /* PBXContainerItemProxy */;
		};
		E2A59D481ECE701100AAD24C /* PBXTargetDependency */ = {
			isa = PBXTargetDependency;
			target = E2A59D241ECE700F00AAD24C /* SEPA */;
			targetProxy = E2A59D471ECE701100AAD24C /* PBXContainerItemProxy */;
		};
/* End PBXTargetDependency section */

/* Begin PBXVariantGroup section */
		E2A59D2E1ECE701000AAD24C /* Main.storyboard */ = {
			isa = PBXVariantGroup;
			children = (
				E2A59D2F1ECE701000AAD24C /* Base */,
			);
			name = Main.storyboard;
			sourceTree = "<group>";
		};
		E2A59D331ECE701000AAD24C /* LaunchScreen.storyboard */ = {
			isa = PBXVariantGroup;
			children = (
				E2A59D341ECE701000AAD24C /* Base */,
			);
			name = LaunchScreen.storyboard;
			sourceTree = "<group>";
		};
/* End PBXVariantGroup section */

/* Begin XCBuildConfiguration section */
		E2A59D4D1ECE701100AAD24C /* Debug */ = {
			isa = XCBuildConfiguration;
			buildSettings = {
				ALWAYS_SEARCH_USER_PATHS = NO;
				CLANG_ANALYZER_NONNULL = YES;
				CLANG_CXX_LANGUAGE_STANDARD = "gnu++0x";
				CLANG_CXX_LIBRARY = "libc++";
				CLANG_ENABLE_MODULES = YES;
				CLANG_ENABLE_OBJC_ARC = YES;
				CLANG_WARN_BOOL_CONVERSION = YES;
				CLANG_WARN_CONSTANT_CONVERSION = YES;
				CLANG_WARN_DIRECT_OBJC_ISA_USAGE = YES_ERROR;
				CLANG_WARN_EMPTY_BODY = YES;
				CLANG_WARN_ENUM_CONVERSION = YES;
				CLANG_WARN_INT_CONVERSION = YES;
				CLANG_WARN_OBJC_ROOT_CLASS = YES_ERROR;
				CLANG_WARN_UNREACHABLE_CODE = YES;
				CLANG_WARN__DUPLICATE_METHOD_MATCH = YES;
				"CODE_SIGN_IDENTITY[sdk=iphoneos*]" = "iPhone Developer";
				COPY_PHASE_STRIP = NO;
				DEBUG_INFORMATION_FORMAT = dwarf;
				ENABLE_STRICT_OBJC_MSGSEND = YES;
				ENABLE_TESTABILITY = YES;
				GCC_C_LANGUAGE_STANDARD = gnu99;
				GCC_DYNAMIC_NO_PIC = NO;
				GCC_NO_COMMON_BLOCKS = YES;
				GCC_OPTIMIZATION_LEVEL = 0;
				GCC_PREPROCESSOR_DEFINITIONS = (
					"DEBUG=1",
					"$(inherited)",
				);
				GCC_WARN_64_TO_32_BIT_CONVERSION = YES;
				GCC_WARN_ABOUT_RETURN_TYPE = YES_ERROR;
				GCC_WARN_UNDECLARED_SELECTOR = YES;
				GCC_WARN_UNINITIALIZED_AUTOS = YES_AGGRESSIVE;
				GCC_WARN_UNUSED_FUNCTION = YES;
				GCC_WARN_UNUSED_VARIABLE = YES;
				IPHONEOS_DEPLOYMENT_TARGET = 9.3;
				MTL_ENABLE_DEBUG_INFO = YES;
				ONLY_ACTIVE_ARCH = YES;
				SDKROOT = iphoneos;
				SWIFT_OPTIMIZATION_LEVEL = "-Onone";
				TARGETED_DEVICE_FAMILY = "1,2";
			};
			name = Debug;
		};
		E2A59D4E1ECE701100AAD24C /* Release */ = {
			isa = XCBuildConfiguration;
			buildSettings = {
				ALWAYS_SEARCH_USER_PATHS = NO;
				CLANG_ANALYZER_NONNULL = YES;
				CLANG_CXX_LANGUAGE_STANDARD = "gnu++0x";
				CLANG_CXX_LIBRARY = "libc++";
				CLANG_ENABLE_MODULES = YES;
				CLANG_ENABLE_OBJC_ARC = YES;
				CLANG_WARN_BOOL_CONVERSION = YES;
				CLANG_WARN_CONSTANT_CONVERSION = YES;
				CLANG_WARN_DIRECT_OBJC_ISA_USAGE = YES_ERROR;
				CLANG_WARN_EMPTY_BODY = YES;
				CLANG_WARN_ENUM_CONVERSION = YES;
				CLANG_WARN_INT_CONVERSION = YES;
				CLANG_WARN_OBJC_ROOT_CLASS = YES_ERROR;
				CLANG_WARN_UNREACHABLE_CODE = YES;
				CLANG_WARN__DUPLICATE_METHOD_MATCH = YES;
				"CODE_SIGN_IDENTITY[sdk=iphoneos*]" = "iPhone Developer";
				COPY_PHASE_STRIP = NO;
				DEBUG_INFORMATION_FORMAT = "dwarf-with-dsym";
				ENABLE_NS_ASSERTIONS = NO;
				ENABLE_STRICT_OBJC_MSGSEND = YES;
				GCC_C_LANGUAGE_STANDARD = gnu99;
				GCC_NO_COMMON_BLOCKS = YES;
				GCC_WARN_64_TO_32_BIT_CONVERSION = YES;
				GCC_WARN_ABOUT_RETURN_TYPE = YES_ERROR;
				GCC_WARN_UNDECLARED_SELECTOR = YES;
				GCC_WARN_UNINITIALIZED_AUTOS = YES_AGGRESSIVE;
				GCC_WARN_UNUSED_FUNCTION = YES;
				GCC_WARN_UNUSED_VARIABLE = YES;
				IPHONEOS_DEPLOYMENT_TARGET = 9.3;
				MTL_ENABLE_DEBUG_INFO = NO;
				SDKROOT = iphoneos;
				TARGETED_DEVICE_FAMILY = "1,2";
				VALIDATE_PRODUCT = YES;
			};
			name = Release;
		};
		E2A59D501ECE701100AAD24C /* Debug */ = {
			isa = XCBuildConfiguration;
			buildSettings = {
				ASSETCATALOG_COMPILER_APPICON_NAME = AppIcon;
				INFOPLIST_FILE = SEPA/Info.plist;
				LD_RUNPATH_SEARCH_PATHS = "$(inherited) @executable_path/Frameworks";
				PRODUCT_BUNDLE_IDENTIFIER = uk.ac.salford.sta404.SEPA;
				PRODUCT_NAME = "$(TARGET_NAME)";
			};
			name = Debug;
		};
		E2A59D511ECE701100AAD24C /* Release */ = {
			isa = XCBuildConfiguration;
			buildSettings = {
				ASSETCATALOG_COMPILER_APPICON_NAME = AppIcon;
				INFOPLIST_FILE = SEPA/Info.plist;
				LD_RUNPATH_SEARCH_PATHS = "$(inherited) @executable_path/Frameworks";
				PRODUCT_BUNDLE_IDENTIFIER = uk.ac.salford.sta404.SEPA;
				PRODUCT_NAME = "$(TARGET_NAME)";
			};
			name = Release;
		};
		E2A59D531ECE701100AAD24C /* Debug */ = {
			isa = XCBuildConfiguration;
			buildSettings = {
				BUNDLE_LOADER = "$(TEST_HOST)";
				INFOPLIST_FILE = SEPATests/Info.plist;
				LD_RUNPATH_SEARCH_PATHS = "$(inherited) @executable_path/Frameworks @loader_path/Frameworks";
				PRODUCT_BUNDLE_IDENTIFIER = uk.ac.salford.sta404.SEPATests;
				PRODUCT_NAME = "$(TARGET_NAME)";
				TEST_HOST = "$(BUILT_PRODUCTS_DIR)/SEPA.app/SEPA";
			};
			name = Debug;
		};
		E2A59D541ECE701100AAD24C /* Release */ = {
			isa = XCBuildConfiguration;
			buildSettings = {
				BUNDLE_LOADER = "$(TEST_HOST)";
				INFOPLIST_FILE = SEPATests/Info.plist;
				LD_RUNPATH_SEARCH_PATHS = "$(inherited) @executable_path/Frameworks @loader_path/Frameworks";
				PRODUCT_BUNDLE_IDENTIFIER = uk.ac.salford.sta404.SEPATests;
				PRODUCT_NAME = "$(TARGET_NAME)";
				TEST_HOST = "$(BUILT_PRODUCTS_DIR)/SEPA.app/SEPA";
			};
			name = Release;
		};
		E2A59D561ECE701100AAD24C /* Debug */ = {
			isa = XCBuildConfiguration;
			buildSettings = {
				INFOPLIST_FILE = SEPAUITests/Info.plist;
				LD_RUNPATH_SEARCH_PATHS = "$(inherited) @executable_path/Frameworks @loader_path/Frameworks";
				PRODUCT_BUNDLE_IDENTIFIER = uk.ac.salford.sta404.SEPAUITests;
				PRODUCT_NAME = "$(TARGET_NAME)";
				TEST_TARGET_NAME = SEPA;
			};
			name = Debug;
		};
		E2A59D571ECE701100AAD24C /* Release */ = {
			isa = XCBuildConfiguration;
			buildSettings = {
				INFOPLIST_FILE = SEPAUITests/Info.plist;
				LD_RUNPATH_SEARCH_PATHS = "$(inherited) @executable_path/Frameworks @loader_path/Frameworks";
				PRODUCT_BUNDLE_IDENTIFIER = uk.ac.salford.sta404.SEPAUITests;
				PRODUCT_NAME = "$(TARGET_NAME)";
				TEST_TARGET_NAME = SEPA;
			};
			name = Release;
		};
/* End XCBuildConfiguration section */

/* Begin XCConfigurationList section */
		E2A59D201ECE700F00AAD24C /* Build configuration list for PBXProject "SEPA" */ = {
			isa = XCConfigurationList;
			buildConfigurations = (
				E2A59D4D1ECE701100AAD24C /* Debug */,
				E2A59D4E1ECE701100AAD24C /* Release */,
			);
			defaultConfigurationIsVisible = 0;
			defaultConfigurationName = Release;
		};
		E2A59D4F1ECE701100AAD24C /* Build configuration list for PBXNativeTarget "SEPA" */ = {
			isa = XCConfigurationList;
			buildConfigurations = (
				E2A59D501ECE701100AAD24C /* Debug */,
				E2A59D511ECE701100AAD24C /* Release */,
			);
			defaultConfigurationIsVisible = 0;
			defaultConfigurationName = Release;
		};
		E2A59D521ECE701100AAD24C /* Build configuration list for PBXNativeTarget "SEPATests" */ = {
			isa = XCConfigurationList;
			buildConfigurations = (
				E2A59D531ECE701100AAD24C /* Debug */,
				E2A59D541ECE701100AAD24C /* Release */,
			);
			defaultConfigurationIsVisible = 0;
			defaultConfigurationName = Release;
		};
		E2A59D551ECE701100AAD24C /* Build configuration list for PBXNativeTarget "SEPAUITests" */ = {
			isa = XCConfigurationList;
			buildConfigurations = (
				E2A59D561ECE701100AAD24C /* Debug */,
				E2A59D571ECE701100AAD24C /* Release */,
			);
			defaultConfigurationIsVisible = 0;
			defaultConfigurationName = Release;
		};
/* End XCConfigurationList section */
	};
	rootObject = E2A59D1D1ECE700F00AAD24C /* Project object */;
}
